// !$*UTF8*$!
{
	archiveVersion = 1;
	classes = {
	};
	objectVersion = 46;
	objects = {

/* Begin PBXBuildFile section */
		7907A9141D2EA9DB00902D4D /* AppDelegate.swift in Sources */ = {isa = PBXBuildFile; fileRef = 7907A9131D2EA9DB00902D4D /* AppDelegate.swift */; };
		7907A9161D2EA9DB00902D4D /* ViewController.swift in Sources */ = {isa = PBXBuildFile; fileRef = 7907A9151D2EA9DB00902D4D /* ViewController.swift */; };
		7907A9191D2EA9DB00902D4D /* Main.storyboard in Resources */ = {isa = PBXBuildFile; fileRef = 7907A9171D2EA9DB00902D4D /* Main.storyboard */; };
		7907A91B1D2EA9DB00902D4D /* Assets.xcassets in Resources */ = {isa = PBXBuildFile; fileRef = 7907A91A1D2EA9DB00902D4D /* Assets.xcassets */; };
		7907A91E1D2EA9DB00902D4D /* LaunchScreen.storyboard in Resources */ = {isa = PBXBuildFile; fileRef = 7907A91C1D2EA9DB00902D4D /* LaunchScreen.storyboard */; };
		7907A9281D2EAABA00902D4D /* Fuzi.framework in Frameworks */ = {isa = PBXBuildFile; fileRef = 7907A9251D2EAABA00902D4D /* Fuzi.framework */; };
		7907A9291D2EAABA00902D4D /* Fuzi.framework in Embed Frameworks */ = {isa = PBXBuildFile; fileRef = 7907A9251D2EAABA00902D4D /* Fuzi.framework */; settings = {ATTRIBUTES = (CodeSignOnCopy, RemoveHeadersOnCopy, ); }; };
		7907A92A1D2EAABA00902D4D /* FrameworkWithDepThatUsesFuzi.framework in Frameworks */ = {isa = PBXBuildFile; fileRef = 7907A9261D2EAABA00902D4D /* FrameworkWithDepThatUsesFuzi.framework */; };
		7907A92B1D2EAABA00902D4D /* FrameworkWithDepThatUsesFuzi.framework in Embed Frameworks */ = {isa = PBXBuildFile; fileRef = 7907A9261D2EAABA00902D4D /* FrameworkWithDepThatUsesFuzi.framework */; settings = {ATTRIBUTES = (CodeSignOnCopy, RemoveHeadersOnCopy, ); }; };
		7907A92C1D2EAABA00902D4D /* FrameworkThatUsesFuzi.framework in Frameworks */ = {isa = PBXBuildFile; fileRef = 7907A9271D2EAABA00902D4D /* FrameworkThatUsesFuzi.framework */; };
		7907A92D1D2EAABA00902D4D /* FrameworkThatUsesFuzi.framework in Embed Frameworks */ = {isa = PBXBuildFile; fileRef = 7907A9271D2EAABA00902D4D /* FrameworkThatUsesFuzi.framework */; settings = {ATTRIBUTES = (CodeSignOnCopy, RemoveHeadersOnCopy, ); }; };
/* End PBXBuildFile section */

/* Begin PBXCopyFilesBuildPhase section */
		7907A92E1D2EAABA00902D4D /* Embed Frameworks */ = {
			isa = PBXCopyFilesBuildPhase;
			buildActionMask = 2147483647;
			dstPath = "";
			dstSubfolderSpec = 10;
			files = (
				7907A92B1D2EAABA00902D4D /* FrameworkWithDepThatUsesFuzi.framework in Embed Frameworks */,
				7907A9291D2EAABA00902D4D /* Fuzi.framework in Embed Frameworks */,
				7907A92D1D2EAABA00902D4D /* FrameworkThatUsesFuzi.framework in Embed Frameworks */,
			);
			name = "Embed Frameworks";
			runOnlyForDeploymentPostprocessing = 0;
		};
/* End PBXCopyFilesBuildPhase section */

/* Begin PBXFileReference section */
		7907A9101D2EA9DB00902D4D /* AppWithDepWhoesDepUsesFuzi.app */ = {isa = PBXFileReference; explicitFileType = wrapper.application; includeInIndex = 0; path = AppWithDepWhoesDepUsesFuzi.app; sourceTree = BUILT_PRODUCTS_DIR; };
		7907A9131D2EA9DB00902D4D /* AppDelegate.swift */ = {isa = PBXFileReference; lastKnownFileType = sourcecode.swift; path = AppDelegate.swift; sourceTree = "<group>"; };
		7907A9151D2EA9DB00902D4D /* ViewController.swift */ = {isa = PBXFileReference; lastKnownFileType = sourcecode.swift; path = ViewController.swift; sourceTree = "<group>"; };
		7907A9181D2EA9DB00902D4D /* Base */ = {isa = PBXFileReference; lastKnownFileType = file.storyboard; name = Base; path = Base.lproj/Main.storyboard; sourceTree = "<group>"; };
		7907A91A1D2EA9DB00902D4D /* Assets.xcassets */ = {isa = PBXFileReference; lastKnownFileType = folder.assetcatalog; path = Assets.xcassets; sourceTree = "<group>"; };
		7907A91D1D2EA9DB00902D4D /* Base */ = {isa = PBXFileReference; lastKnownFileType = file.storyboard; name = Base; path = Base.lproj/LaunchScreen.storyboard; sourceTree = "<group>"; };
		7907A91F1D2EA9DB00902D4D /* Info.plist */ = {isa = PBXFileReference; lastKnownFileType = text.plist.xml; path = Info.plist; sourceTree = "<group>"; };
		7907A9251D2EAABA00902D4D /* Fuzi.framework */ = {isa = PBXFileReference; lastKnownFileType = wrapper.framework; name = Fuzi.framework; path = Carthage/Build/iOS/Fuzi.framework; sourceTree = "<group>"; };
		7907A9261D2EAABA00902D4D /* FrameworkWithDepThatUsesFuzi.framework */ = {isa = PBXFileReference; lastKnownFileType = wrapper.framework; name = FrameworkWithDepThatUsesFuzi.framework; path = Carthage/Build/iOS/FrameworkWithDepThatUsesFuzi.framework; sourceTree = "<group>"; };
		7907A9271D2EAABA00902D4D /* FrameworkThatUsesFuzi.framework */ = {isa = PBXFileReference; lastKnownFileType = wrapper.framework; name = FrameworkThatUsesFuzi.framework; path = Carthage/Build/iOS/FrameworkThatUsesFuzi.framework; sourceTree = "<group>"; };
/* End PBXFileReference section */

/* Begin PBXFrameworksBuildPhase section */
		7907A90D1D2EA9DB00902D4D /* Frameworks */ = {
			isa = PBXFrameworksBuildPhase;
			buildActionMask = 2147483647;
			files = (
				7907A92A1D2EAABA00902D4D /* FrameworkWithDepThatUsesFuzi.framework in Frameworks */,
				7907A9281D2EAABA00902D4D /* Fuzi.framework in Frameworks */,
				7907A92C1D2EAABA00902D4D /* FrameworkThatUsesFuzi.framework in Frameworks */,
			);
			runOnlyForDeploymentPostprocessing = 0;
		};
/* End PBXFrameworksBuildPhase section */

/* Begin PBXGroup section */
		7907A9071D2EA9DB00902D4D = {
			isa = PBXGroup;
			children = (
				7907A9251D2EAABA00902D4D /* Fuzi.framework */,
				7907A9261D2EAABA00902D4D /* FrameworkWithDepThatUsesFuzi.framework */,
				7907A9271D2EAABA00902D4D /* FrameworkThatUsesFuzi.framework */,
				7907A9121D2EA9DB00902D4D /* AppWithDepWhoesDepUsesFuzi */,
				7907A9111D2EA9DB00902D4D /* Products */,
			);
			sourceTree = "<group>";
		};
		7907A9111D2EA9DB00902D4D /* Products */ = {
			isa = PBXGroup;
			children = (
				7907A9101D2EA9DB00902D4D /* AppWithDepWhoesDepUsesFuzi.app */,
			);
			name = Products;
			sourceTree = "<group>";
		};
		7907A9121D2EA9DB00902D4D /* AppWithDepWhoesDepUsesFuzi */ = {
			isa = PBXGroup;
			children = (
				7907A9131D2EA9DB00902D4D /* AppDelegate.swift */,
				7907A9151D2EA9DB00902D4D /* ViewController.swift */,
				7907A9171D2EA9DB00902D4D /* Main.storyboard */,
				7907A91A1D2EA9DB00902D4D /* Assets.xcassets */,
				7907A91C1D2EA9DB00902D4D /* LaunchScreen.storyboard */,
				7907A91F1D2EA9DB00902D4D /* Info.plist */,
			);
			path = AppWithDepWhoesDepUsesFuzi;
			sourceTree = "<group>";
		};
/* End PBXGroup section */

/* Begin PBXNativeTarget section */
		7907A90F1D2EA9DB00902D4D /* AppWithDepWhoesDepUsesFuzi */ = {
			isa = PBXNativeTarget;
			buildConfigurationList = 7907A9221D2EA9DB00902D4D /* Build configuration list for PBXNativeTarget "AppWithDepWhoesDepUsesFuzi" */;
			buildPhases = (
				7907A90C1D2EA9DB00902D4D /* Sources */,
				7907A90D1D2EA9DB00902D4D /* Frameworks */,
				7907A90E1D2EA9DB00902D4D /* Resources */,
				7907A92E1D2EAABA00902D4D /* Embed Frameworks */,
			);
			buildRules = (
			);
			dependencies = (
			);
			name = AppWithDepWhoesDepUsesFuzi;
			productName = AppWithDepWhoesDepUsesFuzi;
			productReference = 7907A9101D2EA9DB00902D4D /* AppWithDepWhoesDepUsesFuzi.app */;
			productType = "com.apple.product-type.application";
		};
/* End PBXNativeTarget section */

/* Begin PBXProject section */
		7907A9081D2EA9DB00902D4D /* Project object */ = {
			isa = PBXProject;
			attributes = {
				LastSwiftUpdateCheck = 0730;
				LastUpgradeCheck = 0730;
				ORGANIZATIONNAME = "Ce Zheng";
				TargetAttributes = {
					7907A90F1D2EA9DB00902D4D = {
						CreatedOnToolsVersion = 7.3.1;
						DevelopmentTeam = 54X9TG467W;
					};
				};
			};
			buildConfigurationList = 7907A90B1D2EA9DB00902D4D /* Build configuration list for PBXProject "AppWithDepWhoesDepUsesFuzi" */;
			compatibilityVersion = "Xcode 3.2";
			developmentRegion = English;
			hasScannedForEncodings = 0;
			knownRegions = (
				en,
				Base,
			);
			mainGroup = 7907A9071D2EA9DB00902D4D;
			productRefGroup = 7907A9111D2EA9DB00902D4D /* Products */;
			projectDirPath = "";
			projectRoot = "";
			targets = (
				7907A90F1D2EA9DB00902D4D /* AppWithDepWhoesDepUsesFuzi */,
			);
		};
/* End PBXProject section */

/* Begin PBXResourcesBuildPhase section */
		7907A90E1D2EA9DB00902D4D /* Resources */ = {
			isa = PBXResourcesBuildPhase;
			buildActionMask = 2147483647;
			files = (
				7907A91E1D2EA9DB00902D4D /* LaunchScreen.storyboard in Resources */,
				7907A91B1D2EA9DB00902D4D /* Assets.xcassets in Resources */,
				7907A9191D2EA9DB00902D4D /* Main.storyboard in Resources */,
			);
			runOnlyForDeploymentPostprocessing = 0;
		};
/* End PBXResourcesBuildPhase section */

/* Begin PBXSourcesBuildPhase section */
		7907A90C1D2EA9DB00902D4D /* Sources */ = {
			isa = PBXSourcesBuildPhase;
			buildActionMask = 2147483647;
			files = (
				7907A9161D2EA9DB00902D4D /* ViewController.swift in Sources */,
				7907A9141D2EA9DB00902D4D /* AppDelegate.swift in Sources */,
			);
			runOnlyForDeploymentPostprocessing = 0;
		};
/* End PBXSourcesBuildPhase section */

/* Begin PBXVariantGroup section */
		7907A9171D2EA9DB00902D4D /* Main.storyboard */ = {
			isa = PBXVariantGroup;
			children = (
				7907A9181D2EA9DB00902D4D /* Base */,
			);
			name = Main.storyboard;
			sourceTree = "<group>";
		};
		7907A91C1D2EA9DB00902D4D /* LaunchScreen.storyboard */ = {
			isa = PBXVariantGroup;
			children = (
				7907A91D1D2EA9DB00902D4D /* Base */,
			);
			name = LaunchScreen.storyboard;
			sourceTree = "<group>";
		};
/* End PBXVariantGroup section */

/* Begin XCBuildConfiguration section */
		7907A9201D2EA9DB00902D4D /* Debug */ = {
			isa = XCBuildConfiguration;
			buildSettings = {
				ALWAYS_SEARCH_USER_PATHS = NO;
				CLANG_ANALYZER_NONNULL = YES;
				CLANG_CXX_LANGUAGE_STANDARD = "gnu++0x";
				CLANG_CXX_LIBRARY = "libc++";
				CLANG_ENABLE_MODULES = YES;
				CLANG_ENABLE_OBJC_ARC = YES;
				CLANG_WARN_BOOL_CONVERSION = YES;
				CLANG_WARN_CONSTANT_CONVERSION = YES;
				CLANG_WARN_DIRECT_OBJC_ISA_USAGE = YES_ERROR;
				CLANG_WARN_EMPTY_BODY = YES;
				CLANG_WARN_ENUM_CONVERSION = YES;
				CLANG_WARN_INT_CONVERSION = YES;
				CLANG_WARN_OBJC_ROOT_CLASS = YES_ERROR;
				CLANG_WARN_UNREACHABLE_CODE = YES;
				CLANG_WARN__DUPLICATE_METHOD_MATCH = YES;
				"CODE_SIGN_IDENTITY[sdk=iphoneos*]" = "iPhone Developer";
				COPY_PHASE_STRIP = NO;
				DEBUG_INFORMATION_FORMAT = dwarf;
				ENABLE_STRICT_OBJC_MSGSEND = YES;
				ENABLE_TESTABILITY = YES;
				GCC_C_LANGUAGE_STANDARD = gnu99;
				GCC_DYNAMIC_NO_PIC = NO;
				GCC_NO_COMMON_BLOCKS = YES;
				GCC_OPTIMIZATION_LEVEL = 0;
				GCC_PREPROCESSOR_DEFINITIONS = (
					"DEBUG=1",
					"$(inherited)",
				);
				GCC_WARN_64_TO_32_BIT_CONVERSION = YES;
				GCC_WARN_ABOUT_RETURN_TYPE = YES_ERROR;
				GCC_WARN_UNDECLARED_SELECTOR = YES;
				GCC_WARN_UNINITIALIZED_AUTOS = YES_AGGRESSIVE;
				GCC_WARN_UNUSED_FUNCTION = YES;
				GCC_WARN_UNUSED_VARIABLE = YES;
				HEADER_SEARCH_PATHS = "$(SDKROOT)/usr/include/libxml2";
				IPHONEOS_DEPLOYMENT_TARGET = 9.3;
				MTL_ENABLE_DEBUG_INFO = YES;
				ONLY_ACTIVE_ARCH = YES;
				SDKROOT = iphoneos;
				SWIFT_OPTIMIZATION_LEVEL = "-Onone";
				TARGETED_DEVICE_FAMILY = "1,2";
			};
			name = Debug;
		};
		7907A9211D2EA9DB00902D4D /* Release */ = {
			isa = XCBuildConfiguration;
			buildSettings = {
				ALWAYS_SEARCH_USER_PATHS = NO;
				CLANG_ANALYZER_NONNULL = YES;
				CLANG_CXX_LANGUAGE_STANDARD = "gnu++0x";
				CLANG_CXX_LIBRARY = "libc++";
				CLANG_ENABLE_MODULES = YES;
				CLANG_ENABLE_OBJC_ARC = YES;
				CLANG_WARN_BOOL_CONVERSION = YES;
				CLANG_WARN_CONSTANT_CONVERSION = YES;
				CLANG_WARN_DIRECT_OBJC_ISA_USAGE = YES_ERROR;
				CLANG_WARN_EMPTY_BODY = YES;
				CLANG_WARN_ENUM_CONVERSION = YES;
				CLANG_WARN_INT_CONVERSION = YES;
				CLANG_WARN_OBJC_ROOT_CLASS = YES_ERROR;
				CLANG_WARN_UNREACHABLE_CODE = YES;
				CLANG_WARN__DUPLICATE_METHOD_MATCH = YES;
				"CODE_SIGN_IDENTITY[sdk=iphoneos*]" = "iPhone Developer";
				COPY_PHASE_STRIP = NO;
				DEBUG_INFORMATION_FORMAT = "dwarf-with-dsym";
				ENABLE_NS_ASSERTIONS = NO;
				ENABLE_STRICT_OBJC_MSGSEND = YES;
				GCC_C_LANGUAGE_STANDARD = gnu99;
				GCC_NO_COMMON_BLOCKS = YES;
				GCC_WARN_64_TO_32_BIT_CONVERSION = YES;
				GCC_WARN_ABOUT_RETURN_TYPE = YES_ERROR;
				GCC_WARN_UNDECLARED_SELECTOR = YES;
				GCC_WARN_UNINITIALIZED_AUTOS = YES_AGGRESSIVE;
				GCC_WARN_UNUSED_FUNCTION = YES;
				GCC_WARN_UNUSED_VARIABLE = YES;
				HEADER_SEARCH_PATHS = "$(SDKROOT)/usr/include/libxml2";
				IPHONEOS_DEPLOYMENT_TARGET = 9.3;
				MTL_ENABLE_DEBUG_INFO = NO;
				SDKROOT = iphoneos;
				TARGETED_DEVICE_FAMILY = "1,2";
				VALIDATE_PRODUCT = YES;
			};
			name = Release;
		};
		7907A9231D2EA9DB00902D4D /* Debug */ = {
			isa = XCBuildConfiguration;
			buildSettings = {
				ASSETCATALOG_COMPILER_APPICON_NAME = AppIcon;
				FRAMEWORK_SEARCH_PATHS = (
					"$(inherited)",
					"$(PROJECT_DIR)/Carthage/Build/iOS",
				);
				INFOPLIST_FILE = AppWithDepWhoesDepUsesFuzi/Info.plist;
				LD_RUNPATH_SEARCH_PATHS = "$(inherited) @executable_path/Frameworks";
				PRODUCT_BUNDLE_IDENTIFIER = me.cezheng.AppWithDepWhoesDepUsesFuzi;
				PRODUCT_NAME = "$(TARGET_NAME)";
			};
			name = Debug;
		};
		7907A9241D2EA9DB00902D4D /* Release */ = {
			isa = XCBuildConfiguration;
			buildSettings = {
				ASSETCATALOG_COMPILER_APPICON_NAME = AppIcon;
				FRAMEWORK_SEARCH_PATHS = (
					"$(inherited)",
					"$(PROJECT_DIR)/Carthage/Build/iOS",
				);
				INFOPLIST_FILE = AppWithDepWhoesDepUsesFuzi/Info.plist;
				LD_RUNPATH_SEARCH_PATHS = "$(inherited) @executable_path/Frameworks";
				PRODUCT_BUNDLE_IDENTIFIER = me.cezheng.AppWithDepWhoesDepUsesFuzi;
				PRODUCT_NAME = "$(TARGET_NAME)";
			};
			name = Release;
		};
/* End XCBuildConfiguration section */

/* Begin XCConfigurationList section */
		7907A90B1D2EA9DB00902D4D /* Build configuration list for PBXProject "AppWithDepWhoesDepUsesFuzi" */ = {
			isa = XCConfigurationList;
			buildConfigurations = (
				7907A9201D2EA9DB00902D4D /* Debug */,
				7907A9211D2EA9DB00902D4D /* Release */,
			);
			defaultConfigurationIsVisible = 0;
			defaultConfigurationName = Release;
		};
		7907A9221D2EA9DB00902D4D /* Build configuration list for PBXNativeTarget "AppWithDepWhoesDepUsesFuzi" */ = {
			isa = XCConfigurationList;
			buildConfigurations = (
				7907A9231D2EA9DB00902D4D /* Debug */,
				7907A9241D2EA9DB00902D4D /* Release */,
			);
			defaultConfigurationIsVisible = 0;
		};
/* End XCConfigurationList section */
	};
	rootObject = 7907A9081D2EA9DB00902D4D /* Project object */;
}
